// !$*UTF8*$!
{
	archiveVersion = 1;
	classes = {
	};
	objectVersion = 50;
	objects = {

/* Begin PBXBuildFile section */
		3F0B6ED125F326EE00E78139 /* AppDelegate.swift in Sources */ = {isa = PBXBuildFile; fileRef = 3F0B6ED025F326EE00E78139 /* AppDelegate.swift */; };
		3F0B6ED325F326EE00E78139 /* SceneDelegate.swift in Sources */ = {isa = PBXBuildFile; fileRef = 3F0B6ED225F326EE00E78139 /* SceneDelegate.swift */; };
		3F0B6ED525F326EE00E78139 /* ViewController.swift in Sources */ = {isa = PBXBuildFile; fileRef = 3F0B6ED425F326EE00E78139 /* ViewController.swift */; };
		3F0B6ED825F326EE00E78139 /* Main.storyboard in Resources */ = {isa = PBXBuildFile; fileRef = 3F0B6ED625F326EE00E78139 /* Main.storyboard */; };
		3F0B6EDB25F326EE00E78139 /* Memo.xcdatamodeld in Sources */ = {isa = PBXBuildFile; fileRef = 3F0B6ED925F326EE00E78139 /* Memo.xcdatamodeld */; };
		3F0B6EDD25F326F200E78139 /* Assets.xcassets in Resources */ = {isa = PBXBuildFile; fileRef = 3F0B6EDC25F326F200E78139 /* Assets.xcassets */; };
		3F0B6EE025F326F200E78139 /* LaunchScreen.storyboard in Resources */ = {isa = PBXBuildFile; fileRef = 3F0B6EDE25F326F200E78139 /* LaunchScreen.storyboard */; };
		3F0B6EEB25F326F200E78139 /* MemoTests.swift in Sources */ = {isa = PBXBuildFile; fileRef = 3F0B6EEA25F326F200E78139 /* MemoTests.swift */; };
		3F0B6EF625F326F200E78139 /* MemoUITests.swift in Sources */ = {isa = PBXBuildFile; fileRef = 3F0B6EF525F326F200E78139 /* MemoUITests.swift */; };
/* End PBXBuildFile section */

/* Begin PBXContainerItemProxy section */
		3F0B6EE725F326F200E78139 /* PBXContainerItemProxy */ = {
			isa = PBXContainerItemProxy;
			containerPortal = 3F0B6EC525F326EE00E78139 /* Project object */;
			proxyType = 1;
			remoteGlobalIDString = 3F0B6ECC25F326EE00E78139;
			remoteInfo = Memo;
		};
		3F0B6EF225F326F200E78139 /* PBXContainerItemProxy */ = {
			isa = PBXContainerItemProxy;
			containerPortal = 3F0B6EC525F326EE00E78139 /* Project object */;
			proxyType = 1;
			remoteGlobalIDString = 3F0B6ECC25F326EE00E78139;
			remoteInfo = Memo;
		};
/* End PBXContainerItemProxy section */

/* Begin PBXFileReference section */
		3F0B6ECD25F326EE00E78139 /* Memo.app */ = {isa = PBXFileReference; explicitFileType = wrapper.application; includeInIndex = 0; path = Memo.app; sourceTree = BUILT_PRODUCTS_DIR; };
		3F0B6ED025F326EE00E78139 /* AppDelegate.swift */ = {isa = PBXFileReference; lastKnownFileType = sourcecode.swift; path = AppDelegate.swift; sourceTree = "<group>"; };
		3F0B6ED225F326EE00E78139 /* SceneDelegate.swift */ = {isa = PBXFileReference; lastKnownFileType = sourcecode.swift; path = SceneDelegate.swift; sourceTree = "<group>"; };
		3F0B6ED425F326EE00E78139 /* ViewController.swift */ = {isa = PBXFileReference; lastKnownFileType = sourcecode.swift; path = ViewController.swift; sourceTree = "<group>"; };
		3F0B6ED725F326EE00E78139 /* Base */ = {isa = PBXFileReference; lastKnownFileType = file.storyboard; name = Base; path = Base.lproj/Main.storyboard; sourceTree = "<group>"; };
		3F0B6EDA25F326EE00E78139 /* Memo.xcdatamodel */ = {isa = PBXFileReference; lastKnownFileType = wrapper.xcdatamodel; path = Memo.xcdatamodel; sourceTree = "<group>"; };
		3F0B6EDC25F326F200E78139 /* Assets.xcassets */ = {isa = PBXFileReference; lastKnownFileType = folder.assetcatalog; path = Assets.xcassets; sourceTree = "<group>"; };
		3F0B6EDF25F326F200E78139 /* Base */ = {isa = PBXFileReference; lastKnownFileType = file.storyboard; name = Base; path = Base.lproj/LaunchScreen.storyboard; sourceTree = "<group>"; };
		3F0B6EE125F326F200E78139 /* Info.plist */ = {isa = PBXFileReference; lastKnownFileType = text.plist.xml; path = Info.plist; sourceTree = "<group>"; };
		3F0B6EE625F326F200E78139 /* MemoTests.xctest */ = {isa = PBXFileReference; explicitFileType = wrapper.cfbundle; includeInIndex = 0; path = MemoTests.xctest; sourceTree = BUILT_PRODUCTS_DIR; };
		3F0B6EEA25F326F200E78139 /* MemoTests.swift */ = {isa = PBXFileReference; lastKnownFileType = sourcecode.swift; path = MemoTests.swift; sourceTree = "<group>"; };
		3F0B6EEC25F326F200E78139 /* Info.plist */ = {isa = PBXFileReference; lastKnownFileType = text.plist.xml; path = Info.plist; sourceTree = "<group>"; };
		3F0B6EF125F326F200E78139 /* MemoUITests.xctest */ = {isa = PBXFileReference; explicitFileType = wrapper.cfbundle; includeInIndex = 0; path = MemoUITests.xctest; sourceTree = BUILT_PRODUCTS_DIR; };
		3F0B6EF525F326F200E78139 /* MemoUITests.swift */ = {isa = PBXFileReference; lastKnownFileType = sourcecode.swift; path = MemoUITests.swift; sourceTree = "<group>"; };
		3F0B6EF725F326F200E78139 /* Info.plist */ = {isa = PBXFileReference; lastKnownFileType = text.plist.xml; path = Info.plist; sourceTree = "<group>"; };
/* End PBXFileReference section */

/* Begin PBXFrameworksBuildPhase section */
		3F0B6ECA25F326EE00E78139 /* Frameworks */ = {
			isa = PBXFrameworksBuildPhase;
			buildActionMask = 2147483647;
			files = (
			);
			runOnlyForDeploymentPostprocessing = 0;
		};
		3F0B6EE325F326F200E78139 /* Frameworks */ = {
			isa = PBXFrameworksBuildPhase;
			buildActionMask = 2147483647;
			files = (
			);
			runOnlyForDeploymentPostprocessing = 0;
		};
		3F0B6EEE25F326F200E78139 /* Frameworks */ = {
			isa = PBXFrameworksBuildPhase;
			buildActionMask = 2147483647;
			files = (
			);
			runOnlyForDeploymentPostprocessing = 0;
		};
/* End PBXFrameworksBuildPhase section */

/* Begin PBXGroup section */
		3F0B6EC425F326EE00E78139 = {
			isa = PBXGroup;
			children = (
				3F0B6ECF25F326EE00E78139 /* Memo */,
				3F0B6EE925F326F200E78139 /* MemoTests */,
				3F0B6EF425F326F200E78139 /* MemoUITests */,
				3F0B6ECE25F326EE00E78139 /* Products */,
			);
			sourceTree = "<group>";
		};
		3F0B6ECE25F326EE00E78139 /* Products */ = {
			isa = PBXGroup;
			children = (
				3F0B6ECD25F326EE00E78139 /* Memo.app */,
				3F0B6EE625F326F200E78139 /* MemoTests.xctest */,
				3F0B6EF125F326F200E78139 /* MemoUITests.xctest */,
			);
			name = Products;
			sourceTree = "<group>";
		};
		3F0B6ECF25F326EE00E78139 /* Memo */ = {
			isa = PBXGroup;
			children = (
				3F0B6F0425F329EC00E78139 /* Foundation */,
				3F0B6F0525F32B0000E78139 /* Storage */,
				3F0B6F0325F327CF00E78139 /* Scene */,
			);
			path = Memo;
			sourceTree = "<group>";
		};
		3F0B6EE925F326F200E78139 /* MemoTests */ = {
			isa = PBXGroup;
			children = (
				3F0B6EEA25F326F200E78139 /* MemoTests.swift */,
				3F0B6EEC25F326F200E78139 /* Info.plist */,
			);
			path = MemoTests;
			sourceTree = "<group>";
		};
		3F0B6EF425F326F200E78139 /* MemoUITests */ = {
			isa = PBXGroup;
			children = (
				3F0B6EF525F326F200E78139 /* MemoUITests.swift */,
				3F0B6EF725F326F200E78139 /* Info.plist */,
			);
			path = MemoUITests;
			sourceTree = "<group>";
		};
		3F0B6F0325F327CF00E78139 /* Scene */ = {
			isa = PBXGroup;
			children = (
				3F0B6ED625F326EE00E78139 /* Main.storyboard */,
				3F0B6ED425F326EE00E78139 /* ViewController.swift */,
			);
			path = Scene;
			sourceTree = "<group>";
		};
		3F0B6F0425F329EC00E78139 /* Foundation */ = {
			isa = PBXGroup;
			children = (
				3F0B6ED025F326EE00E78139 /* AppDelegate.swift */,
				3F0B6ED225F326EE00E78139 /* SceneDelegate.swift */,
				3F0B6EE125F326F200E78139 /* Info.plist */,
				3F0B6EDC25F326F200E78139 /* Assets.xcassets */,
				3F0B6EDE25F326F200E78139 /* LaunchScreen.storyboard */,
			);
			path = Foundation;
			sourceTree = "<group>";
		};
		3F0B6F0525F32B0000E78139 /* Storage */ = {
			isa = PBXGroup;
			children = (
				3F0B6ED925F326EE00E78139 /* Memo.xcdatamodeld */,
			);
			name = Storage;
			path = Foundation;
			sourceTree = "<group>";
		};
/* End PBXGroup section */

/* Begin PBXNativeTarget section */
		3F0B6ECC25F326EE00E78139 /* Memo */ = {
			isa = PBXNativeTarget;
			buildConfigurationList = 3F0B6EFA25F326F200E78139 /* Build configuration list for PBXNativeTarget "Memo" */;
			buildPhases = (
				3F0B6EC925F326EE00E78139 /* Sources */,
				3F0B6ECA25F326EE00E78139 /* Frameworks */,
				3F0B6ECB25F326EE00E78139 /* Resources */,
			);
			buildRules = (
			);
			dependencies = (
			);
			name = Memo;
			productName = Memo;
			productReference = 3F0B6ECD25F326EE00E78139 /* Memo.app */;
			productType = "com.apple.product-type.application";
		};
		3F0B6EE525F326F200E78139 /* MemoTests */ = {
			isa = PBXNativeTarget;
			buildConfigurationList = 3F0B6EFD25F326F200E78139 /* Build configuration list for PBXNativeTarget "MemoTests" */;
			buildPhases = (
				3F0B6EE225F326F200E78139 /* Sources */,
				3F0B6EE325F326F200E78139 /* Frameworks */,
				3F0B6EE425F326F200E78139 /* Resources */,
			);
			buildRules = (
			);
			dependencies = (
				3F0B6EE825F326F200E78139 /* PBXTargetDependency */,
			);
			name = MemoTests;
			productName = MemoTests;
			productReference = 3F0B6EE625F326F200E78139 /* MemoTests.xctest */;
			productType = "com.apple.product-type.bundle.unit-test";
		};
		3F0B6EF025F326F200E78139 /* MemoUITests */ = {
			isa = PBXNativeTarget;
			buildConfigurationList = 3F0B6F0025F326F200E78139 /* Build configuration list for PBXNativeTarget "MemoUITests" */;
			buildPhases = (
				3F0B6EED25F326F200E78139 /* Sources */,
				3F0B6EEE25F326F200E78139 /* Frameworks */,
				3F0B6EEF25F326F200E78139 /* Resources */,
			);
			buildRules = (
			);
			dependencies = (
				3F0B6EF325F326F200E78139 /* PBXTargetDependency */,
			);
			name = MemoUITests;
			productName = MemoUITests;
			productReference = 3F0B6EF125F326F200E78139 /* MemoUITests.xctest */;
			productType = "com.apple.product-type.bundle.ui-testing";
		};
/* End PBXNativeTarget section */

/* Begin PBXProject section */
		3F0B6EC525F326EE00E78139 /* Project object */ = {
			isa = PBXProject;
			attributes = {
				LastSwiftUpdateCheck = 1170;
				LastUpgradeCheck = 1170;
				ORGANIZATIONNAME = "George Gomes";
				TargetAttributes = {
					3F0B6ECC25F326EE00E78139 = {
						CreatedOnToolsVersion = 11.7;
					};
					3F0B6EE525F326F200E78139 = {
						CreatedOnToolsVersion = 11.7;
						TestTargetID = 3F0B6ECC25F326EE00E78139;
					};
					3F0B6EF025F326F200E78139 = {
						CreatedOnToolsVersion = 11.7;
						TestTargetID = 3F0B6ECC25F326EE00E78139;
					};
				};
			};
			buildConfigurationList = 3F0B6EC825F326EE00E78139 /* Build configuration list for PBXProject "Memo" */;
			compatibilityVersion = "Xcode 9.3";
			developmentRegion = en;
			hasScannedForEncodings = 0;
			knownRegions = (
				en,
				Base,
			);
			mainGroup = 3F0B6EC425F326EE00E78139;
			productRefGroup = 3F0B6ECE25F326EE00E78139 /* Products */;
			projectDirPath = "";
			projectRoot = "";
			targets = (
				3F0B6ECC25F326EE00E78139 /* Memo */,
				3F0B6EE525F326F200E78139 /* MemoTests */,
				3F0B6EF025F326F200E78139 /* MemoUITests */,
			);
		};
/* End PBXProject section */

/* Begin PBXResourcesBuildPhase section */
		3F0B6ECB25F326EE00E78139 /* Resources */ = {
			isa = PBXResourcesBuildPhase;
			buildActionMask = 2147483647;
			files = (
				3F0B6EE025F326F200E78139 /* LaunchScreen.storyboard in Resources */,
				3F0B6EDD25F326F200E78139 /* Assets.xcassets in Resources */,
				3F0B6ED825F326EE00E78139 /* Main.storyboard in Resources */,
			);
			runOnlyForDeploymentPostprocessing = 0;
		};
		3F0B6EE425F326F200E78139 /* Resources */ = {
			isa = PBXResourcesBuildPhase;
			buildActionMask = 2147483647;
			files = (
			);
			runOnlyForDeploymentPostprocessing = 0;
		};
		3F0B6EEF25F326F200E78139 /* Resources */ = {
			isa = PBXResourcesBuildPhase;
			buildActionMask = 2147483647;
			files = (
			);
			runOnlyForDeploymentPostprocessing = 0;
		};
/* End PBXResourcesBuildPhase section */

/* Begin PBXSourcesBuildPhase section */
		3F0B6EC925F326EE00E78139 /* Sources */ = {
			isa = PBXSourcesBuildPhase;
			buildActionMask = 2147483647;
			files = (
				3F0B6ED525F326EE00E78139 /* ViewController.swift in Sources */,
				3F0B6ED125F326EE00E78139 /* AppDelegate.swift in Sources */,
				3F0B6ED325F326EE00E78139 /* SceneDelegate.swift in Sources */,
				3F0B6EDB25F326EE00E78139 /* Memo.xcdatamodeld in Sources */,
			);
			runOnlyForDeploymentPostprocessing = 0;
		};
		3F0B6EE225F326F200E78139 /* Sources */ = {
			isa = PBXSourcesBuildPhase;
			buildActionMask = 2147483647;
			files = (
				3F0B6EEB25F326F200E78139 /* MemoTests.swift in Sources */,
			);
			runOnlyForDeploymentPostprocessing = 0;
		};
		3F0B6EED25F326F200E78139 /* Sources */ = {
			isa = PBXSourcesBuildPhase;
			buildActionMask = 2147483647;
			files = (
				3F0B6EF625F326F200E78139 /* MemoUITests.swift in Sources */,
			);
			runOnlyForDeploymentPostprocessing = 0;
		};
/* End PBXSourcesBuildPhase section */

/* Begin PBXTargetDependency section */
		3F0B6EE825F326F200E78139 /* PBXTargetDependency */ = {
			isa = PBXTargetDependency;
			target = 3F0B6ECC25F326EE00E78139 /* Memo */;
			targetProxy = 3F0B6EE725F326F200E78139 /* PBXContainerItemProxy */;
		};
		3F0B6EF325F326F200E78139 /* PBXTargetDependency */ = {
			isa = PBXTargetDependency;
			target = 3F0B6ECC25F326EE00E78139 /* Memo */;
			targetProxy = 3F0B6EF225F326F200E78139 /* PBXContainerItemProxy */;
		};
/* End PBXTargetDependency section */

/* Begin PBXVariantGroup section */
		3F0B6ED625F326EE00E78139 /* Main.storyboard */ = {
			isa = PBXVariantGroup;
			children = (
				3F0B6ED725F326EE00E78139 /* Base */,
			);
			name = Main.storyboard;
			sourceTree = "<group>";
		};
		3F0B6EDE25F326F200E78139 /* LaunchScreen.storyboard */ = {
			isa = PBXVariantGroup;
			children = (
				3F0B6EDF25F326F200E78139 /* Base */,
			);
			name = LaunchScreen.storyboard;
			sourceTree = "<group>";
		};
/* End PBXVariantGroup section */

/* Begin XCBuildConfiguration section */
		3F0B6EF825F326F200E78139 /* Debug */ = {
			isa = XCBuildConfiguration;
			buildSettings = {
				ALWAYS_SEARCH_USER_PATHS = NO;
				CLANG_ANALYZER_NONNULL = YES;
				CLANG_ANALYZER_NUMBER_OBJECT_CONVERSION = YES_AGGRESSIVE;
				CLANG_CXX_LANGUAGE_STANDARD = "gnu++14";
				CLANG_CXX_LIBRARY = "libc++";
				CLANG_ENABLE_MODULES = YES;
				CLANG_ENABLE_OBJC_ARC = YES;
				CLANG_ENABLE_OBJC_WEAK = YES;
				CLANG_WARN_BLOCK_CAPTURE_AUTORELEASING = YES;
				CLANG_WARN_BOOL_CONVERSION = YES;
				CLANG_WARN_COMMA = YES;
				CLANG_WARN_CONSTANT_CONVERSION = YES;
				CLANG_WARN_DEPRECATED_OBJC_IMPLEMENTATIONS = YES;
				CLANG_WARN_DIRECT_OBJC_ISA_USAGE = YES_ERROR;
				CLANG_WARN_DOCUMENTATION_COMMENTS = YES;
				CLANG_WARN_EMPTY_BODY = YES;
				CLANG_WARN_ENUM_CONVERSION = YES;
				CLANG_WARN_INFINITE_RECURSION = YES;
				CLANG_WARN_INT_CONVERSION = YES;
				CLANG_WARN_NON_LITERAL_NULL_CONVERSION = YES;
				CLANG_WARN_OBJC_IMPLICIT_RETAIN_SELF = YES;
				CLANG_WARN_OBJC_LITERAL_CONVERSION = YES;
				CLANG_WARN_OBJC_ROOT_CLASS = YES_ERROR;
				CLANG_WARN_RANGE_LOOP_ANALYSIS = YES;
				CLANG_WARN_STRICT_PROTOTYPES = YES;
				CLANG_WARN_SUSPICIOUS_MOVE = YES;
				CLANG_WARN_UNGUARDED_AVAILABILITY = YES_AGGRESSIVE;
				CLANG_WARN_UNREACHABLE_CODE = YES;
				CLANG_WARN__DUPLICATE_METHOD_MATCH = YES;
				COPY_PHASE_STRIP = NO;
				DEBUG_INFORMATION_FORMAT = dwarf;
				ENABLE_STRICT_OBJC_MSGSEND = YES;
				ENABLE_TESTABILITY = YES;
				GCC_C_LANGUAGE_STANDARD = gnu11;
				GCC_DYNAMIC_NO_PIC = NO;
				GCC_NO_COMMON_BLOCKS = YES;
				GCC_OPTIMIZATION_LEVEL = 0;
				GCC_PREPROCESSOR_DEFINITIONS = (
					"DEBUG=1",
					"$(inherited)",
				);
				GCC_WARN_64_TO_32_BIT_CONVERSION = YES;
				GCC_WARN_ABOUT_RETURN_TYPE = YES_ERROR;
				GCC_WARN_UNDECLARED_SELECTOR = YES;
				GCC_WARN_UNINITIALIZED_AUTOS = YES_AGGRESSIVE;
				GCC_WARN_UNUSED_FUNCTION = YES;
				GCC_WARN_UNUSED_VARIABLE = YES;
				IPHONEOS_DEPLOYMENT_TARGET = 13.7;
				MTL_ENABLE_DEBUG_INFO = INCLUDE_SOURCE;
				MTL_FAST_MATH = YES;
				ONLY_ACTIVE_ARCH = YES;
				SDKROOT = iphoneos;
				SWIFT_ACTIVE_COMPILATION_CONDITIONS = DEBUG;
				SWIFT_OPTIMIZATION_LEVEL = "-Onone";
			};
			name = Debug;
		};
		3F0B6EF925F326F200E78139 /* Release */ = {
			isa = XCBuildConfiguration;
			buildSettings = {
				ALWAYS_SEARCH_USER_PATHS = NO;
				CLANG_ANALYZER_NONNULL = YES;
				CLANG_ANALYZER_NUMBER_OBJECT_CONVERSION = YES_AGGRESSIVE;
				CLANG_CXX_LANGUAGE_STANDARD = "gnu++14";
				CLANG_CXX_LIBRARY = "libc++";
				CLANG_ENABLE_MODULES = YES;
				CLANG_ENABLE_OBJC_ARC = YES;
				CLANG_ENABLE_OBJC_WEAK = YES;
				CLANG_WARN_BLOCK_CAPTURE_AUTORELEASING = YES;
				CLANG_WARN_BOOL_CONVERSION = YES;
				CLANG_WARN_COMMA = YES;
				CLANG_WARN_CONSTANT_CONVERSION = YES;
				CLANG_WARN_DEPRECATED_OBJC_IMPLEMENTATIONS = YES;
				CLANG_WARN_DIRECT_OBJC_ISA_USAGE = YES_ERROR;
				CLANG_WARN_DOCUMENTATION_COMMENTS = YES;
				CLANG_WARN_EMPTY_BODY = YES;
				CLANG_WARN_ENUM_CONVERSION = YES;
				CLANG_WARN_INFINITE_RECURSION = YES;
				CLANG_WARN_INT_CONVERSION = YES;
				CLANG_WARN_NON_LITERAL_NULL_CONVERSION = YES;
				CLANG_WARN_OBJC_IMPLICIT_RETAIN_SELF = YES;
				CLANG_WARN_OBJC_LITERAL_CONVERSION = YES;
				CLANG_WARN_OBJC_ROOT_CLASS = YES_ERROR;
				CLANG_WARN_RANGE_LOOP_ANALYSIS = YES;
				CLANG_WARN_STRICT_PROTOTYPES = YES;
				CLANG_WARN_SUSPICIOUS_MOVE = YES;
				CLANG_WARN_UNGUARDED_AVAILABILITY = YES_AGGRESSIVE;
				CLANG_WARN_UNREACHABLE_CODE = YES;
				CLANG_WARN__DUPLICATE_METHOD_MATCH = YES;
				COPY_PHASE_STRIP = NO;
				DEBUG_INFORMATION_FORMAT = "dwarf-with-dsym";
				ENABLE_NS_ASSERTIONS = NO;
				ENABLE_STRICT_OBJC_MSGSEND = YES;
				GCC_C_LANGUAGE_STANDARD = gnu11;
				GCC_NO_COMMON_BLOCKS = YES;
				GCC_WARN_64_TO_32_BIT_CONVERSION = YES;
				GCC_WARN_ABOUT_RETURN_TYPE = YES_ERROR;
				GCC_WARN_UNDECLARED_SELECTOR = YES;
				GCC_WARN_UNINITIALIZED_AUTOS = YES_AGGRESSIVE;
				GCC_WARN_UNUSED_FUNCTION = YES;
				GCC_WARN_UNUSED_VARIABLE = YES;
				IPHONEOS_DEPLOYMENT_TARGET = 13.7;
				MTL_ENABLE_DEBUG_INFO = NO;
				MTL_FAST_MATH = YES;
				SDKROOT = iphoneos;
				SWIFT_COMPILATION_MODE = wholemodule;
				SWIFT_OPTIMIZATION_LEVEL = "-O";
				VALIDATE_PRODUCT = YES;
			};
			name = Release;
		};
		3F0B6EFB25F326F200E78139 /* Debug */ = {
			isa = XCBuildConfiguration;
			buildSettings = {
				ASSETCATALOG_COMPILER_APPICON_NAME = AppIcon;
				CODE_SIGN_STYLE = Automatic;
				DEVELOPMENT_TEAM = J8JPD2534R;
				INFOPLIST_FILE = Memo/Info.plist;
				LD_RUNPATH_SEARCH_PATHS = (
					"$(inherited)",
					"@executable_path/Frameworks",
				);
				PRODUCT_BUNDLE_IDENTIFIER = com.memo.gomesgeorge.Memo;
				PRODUCT_NAME = "$(TARGET_NAME)";
				SWIFT_VERSION = 5.0;
				TARGETED_DEVICE_FAMILY = "1,2";
			};
			name = Debug;
		};
		3F0B6EFC25F326F200E78139 /* Release */ = {
			isa = XCBuildConfiguration;
			buildSettings = {
				ASSETCATALOG_COMPILER_APPICON_NAME = AppIcon;
				CODE_SIGN_STYLE = Automatic;
				DEVELOPMENT_TEAM = J8JPD2534R;
				INFOPLIST_FILE = Memo/Info.plist;
				LD_RUNPATH_SEARCH_PATHS = (
					"$(inherited)",
					"@executable_path/Frameworks",
				);
				PRODUCT_BUNDLE_IDENTIFIER = com.memo.gomesgeorge.Memo;
				PRODUCT_NAME = "$(TARGET_NAME)";
				SWIFT_VERSION = 5.0;
				TARGETED_DEVICE_FAMILY = "1,2";
			};
			name = Release;
		};
		3F0B6EFE25F326F200E78139 /* Debug */ = {
			isa = XCBuildConfiguration;
			buildSettings = {
				ALWAYS_EMBED_SWIFT_STANDARD_LIBRARIES = YES;
				BUNDLE_LOADER = "$(TEST_HOST)";
				CODE_SIGN_STYLE = Automatic;
				DEVELOPMENT_TEAM = J8JPD2534R;
				INFOPLIST_FILE = MemoTests/Info.plist;
				IPHONEOS_DEPLOYMENT_TARGET = 13.7;
				LD_RUNPATH_SEARCH_PATHS = (
					"$(inherited)",
					"@executable_path/Frameworks",
					"@loader_path/Frameworks",
				);
				PRODUCT_BUNDLE_IDENTIFIER = com.memo.gomesgeorge.MemoTests;
				PRODUCT_NAME = "$(TARGET_NAME)";
				SWIFT_VERSION = 5.0;
				TARGETED_DEVICE_FAMILY = "1,2";
				TEST_HOST = "$(BUILT_PRODUCTS_DIR)/Memo.app/Memo";
			};
			name = Debug;
		};
		3F0B6EFF25F326F200E78139 /* Release */ = {
			isa = XCBuildConfiguration;
			buildSettings = {
				ALWAYS_EMBED_SWIFT_STANDARD_LIBRARIES = YES;
				BUNDLE_LOADER = "$(TEST_HOST)";
				CODE_SIGN_STYLE = Automatic;
				DEVELOPMENT_TEAM = J8JPD2534R;
				INFOPLIST_FILE = MemoTests/Info.plist;
				IPHONEOS_DEPLOYMENT_TARGET = 13.7;
				LD_RUNPATH_SEARCH_PATHS = (
					"$(inherited)",
					"@executable_path/Frameworks",
					"@loader_path/Frameworks",
				);
				PRODUCT_BUNDLE_IDENTIFIER = com.memo.gomesgeorge.MemoTests;
				PRODUCT_NAME = "$(TARGET_NAME)";
				SWIFT_VERSION = 5.0;
				TARGETED_DEVICE_FAMILY = "1,2";
				TEST_HOST = "$(BUILT_PRODUCTS_DIR)/Memo.app/Memo";
			};
			name = Release;
		};
		3F0B6F0125F326F200E78139 /* Debug */ = {
			isa = XCBuildConfiguration;
			buildSettings = {
				ALWAYS_EMBED_SWIFT_STANDARD_LIBRARIES = YES;
				CODE_SIGN_STYLE = Automatic;
				DEVELOPMENT_TEAM = J8JPD2534R;
				INFOPLIST_FILE = MemoUITests/Info.plist;
				LD_RUNPATH_SEARCH_PATHS = (
					"$(inherited)",
					"@executable_path/Frameworks",
					"@loader_path/Frameworks",
				);
				PRODUCT_BUNDLE_IDENTIFIER = com.memo.gomesgeorge.MemoUITests;
				PRODUCT_NAME = "$(TARGET_NAME)";
				SWIFT_VERSION = 5.0;
				TARGETED_DEVICE_FAMILY = "1,2";
				TEST_TARGET_NAME = Memo;
			};
			name = Debug;
		};
		3F0B6F0225F326F200E78139 /* Release */ = {
			isa = XCBuildConfiguration;
			buildSettings = {
				ALWAYS_EMBED_SWIFT_STANDARD_LIBRARIES = YES;
				CODE_SIGN_STYLE = Automatic;
				DEVELOPMENT_TEAM = J8JPD2534R;
				INFOPLIST_FILE = MemoUITests/Info.plist;
				LD_RUNPATH_SEARCH_PATHS = (
					"$(inherited)",
					"@executable_path/Frameworks",
					"@loader_path/Frameworks",
				);
				PRODUCT_BUNDLE_IDENTIFIER = com.memo.gomesgeorge.MemoUITests;
				PRODUCT_NAME = "$(TARGET_NAME)";
				SWIFT_VERSION = 5.0;
				TARGETED_DEVICE_FAMILY = "1,2";
				TEST_TARGET_NAME = Memo;
			};
			name = Release;
		};
/* End XCBuildConfiguration section */

/* Begin XCConfigurationList section */
		3F0B6EC825F326EE00E78139 /* Build configuration list for PBXProject "Memo" */ = {
			isa = XCConfigurationList;
			buildConfigurations = (
				3F0B6EF825F326F200E78139 /* Debug */,
				3F0B6EF925F326F200E78139 /* Release */,
			);
			defaultConfigurationIsVisible = 0;
			defaultConfigurationName = Release;
		};
		3F0B6EFA25F326F200E78139 /* Build configuration list for PBXNativeTarget "Memo" */ = {
			isa = XCConfigurationList;
			buildConfigurations = (
				3F0B6EFB25F326F200E78139 /* Debug */,
				3F0B6EFC25F326F200E78139 /* Release */,
			);
			defaultConfigurationIsVisible = 0;
			defaultConfigurationName = Release;
		};
		3F0B6EFD25F326F200E78139 /* Build configuration list for PBXNativeTarget "MemoTests" */ = {
			isa = XCConfigurationList;
			buildConfigurations = (
				3F0B6EFE25F326F200E78139 /* Debug */,
				3F0B6EFF25F326F200E78139 /* Release */,
			);
			defaultConfigurationIsVisible = 0;
			defaultConfigurationName = Release;
		};
		3F0B6F0025F326F200E78139 /* Build configuration list for PBXNativeTarget "MemoUITests" */ = {
			isa = XCConfigurationList;
			buildConfigurations = (
				3F0B6F0125F326F200E78139 /* Debug */,
				3F0B6F0225F326F200E78139 /* Release */,
			);
			defaultConfigurationIsVisible = 0;
			defaultConfigurationName = Release;
		};
/* End XCConfigurationList section */

/* Begin XCVersionGroup section */
		3F0B6ED925F326EE00E78139 /* Memo.xcdatamodeld */ = {
			isa = XCVersionGroup;
			children = (
				3F0B6EDA25F326EE00E78139 /* Memo.xcdatamodel */,
			);
			currentVersion = 3F0B6EDA25F326EE00E78139 /* Memo.xcdatamodel */;
			path = Memo.xcdatamodeld;
			sourceTree = "<group>";
			versionGroupType = wrapper.xcdatamodel;
		};
/* End XCVersionGroup section */
	};
	rootObject = 3F0B6EC525F326EE00E78139 /* Project object */;
}
